{
  "nodes": {
    "colmena": {
      "inputs": {
        "flake-compat": "flake-compat",
        "flake-utils": "flake-utils",
        "nix-github-actions": "nix-github-actions",
        "nixpkgs": "nixpkgs",
        "stable": "stable"
      },
      "locked": {
        "lastModified": 1762034856,
        "narHash": "sha256-QVey3iP3UEoiFVXgypyjTvCrsIlA4ecx6Acaz5C8/PQ=",
        "owner": "zhaofengli",
        "repo": "colmena",
        "rev": "349b035a5027f23d88eeb3bc41085d7ee29f18ed",
        "type": "github"
      },
      "original": {
        "owner": "zhaofengli",
        "repo": "colmena",
        "type": "github"
      }
    },
    "crane": {
      "locked": {
        "lastModified": 1770169865,
        "narHash": "sha256-iPiy13xzDQ9GjpOez+NNIjh/qjl7i4RDf9dF2x5mF9I=",
        "owner": "ipetkov",
        "repo": "crane",
        "rev": "8254ccf3b5b5131890ee073776f2e61c6d1e55d4",
        "type": "github"
      },
      "original": {
        "owner": "ipetkov",
        "repo": "crane",
        "type": "github"
      }
    },
    "crane_2": {
      "locked": {
        "lastModified": 1758215636,
        "narHash": "sha256-8nkzkPbdxze8CxWhKWlcLbJEU1vfLM/nVqRlTy17V54=",
        "owner": "ipetkov",
        "repo": "crane",
        "rev": "a669fe77a8b0cd6f11419d89ea45a16691ca5121",
        "type": "github"
      },
      "original": {
        "owner": "ipetkov",
        "repo": "crane",
        "type": "github"
      }
    },
    "crane_3": {
      "locked": {
        "lastModified": 1755537552,
        "narHash": "sha256-Tg+P8kFIneqnQLT8E0QqlCrldtdLo1n1y619/mxRD44=",
        "owner": "ipetkov",
        "repo": "crane",
        "rev": "3c40c97e1881fff381e4615e82557b333edf65c4",
        "type": "github"
      },
      "original": {
        "owner": "ipetkov",
        "repo": "crane",
        "type": "github"
      }
    },
    "crane_4": {
      "locked": {
        "lastModified": 1755537552,
        "narHash": "sha256-Tg+P8kFIneqnQLT8E0QqlCrldtdLo1n1y619/mxRD44=",
        "owner": "ipetkov",
        "repo": "crane",
        "rev": "3c40c97e1881fff381e4615e82557b333edf65c4",
        "type": "github"
      },
      "original": {
        "owner": "ipetkov",
        "repo": "crane",
        "type": "github"
      }
    },
    "dotfiles": {
      "inputs": {
        "nixpins": "nixpins",
        "nixpkgs": "nixpkgs_3",
        "nixpkgs-25_05": "nixpkgs-25_05",
        "spicetify": "spicetify",
        "spotify-player": "spotify-player"
      },
      "locked": {
        "lastModified": 1770144892,
        "narHash": "sha256-WtRuVyT1hXtdSDzESk1VoX8lqfAe8qMMNz2vb49UX4Y=",
        "owner": "juliamertz",
        "repo": "dotfiles",
        "rev": "54249d4b88f858205c787a04ebeb0597a63a8bd0",
        "type": "github"
      },
      "original": {
        "owner": "juliamertz",
        "repo": "dotfiles",
        "type": "github"
      }
    },
    "filter": {
      "locked": {
        "lastModified": 1757882181,
        "narHash": "sha256-+cCxYIh2UNalTz364p+QYmWHs0P+6wDhiWR4jDIKQIU=",
        "owner": "numtide",
        "repo": "nix-filter",
        "rev": "59c44d1909c72441144b93cf0f054be7fe764de5",
        "type": "github"
      },
      "original": {
        "owner": "numtide",
        "repo": "nix-filter",
        "type": "github"
      }
    },
    "filter_2": {
      "locked": {
        "lastModified": 1757882181,
        "narHash": "sha256-+cCxYIh2UNalTz364p+QYmWHs0P+6wDhiWR4jDIKQIU=",
        "owner": "numtide",
        "repo": "nix-filter",
        "rev": "59c44d1909c72441144b93cf0f054be7fe764de5",
        "type": "github"
      },
      "original": {
        "owner": "numtide",
        "repo": "nix-filter",
        "type": "github"
      }
    },
    "flake-compat": {
      "flake": false,
      "locked": {
        "lastModified": 1650374568,
        "narHash": "sha256-Z+s0J8/r907g149rllvwhb4pKi8Wam5ij0st8PwAh+E=",
        "owner": "edolstra",
        "repo": "flake-compat",
        "rev": "b4a34015c698c7793d592d66adbab377907a2be8",
        "type": "github"
      },
      "original": {
        "owner": "edolstra",
        "repo": "flake-compat",
        "type": "github"
      }
    },
    "flake-compat_2": {
      "flake": false,
      "locked": {
        "lastModified": 1747046372,
        "narHash": "sha256-CIVLLkVgvHYbgI2UpXvIIBJ12HWgX+fjA8Xf8PUmqCY=",
        "owner": "edolstra",
        "repo": "flake-compat",
        "rev": "9100a0f413b0c601e0533d1d94ffd501ce2e7885",
        "type": "github"
      },
      "original": {
        "owner": "edolstra",
        "repo": "flake-compat",
        "type": "github"
      }
    },
    "flake-compat_3": {
      "flake": false,
      "locked": {
        "lastModified": 1747046372,
        "narHash": "sha256-CIVLLkVgvHYbgI2UpXvIIBJ12HWgX+fjA8Xf8PUmqCY=",
        "owner": "edolstra",
        "repo": "flake-compat",
        "rev": "9100a0f413b0c601e0533d1d94ffd501ce2e7885",
        "type": "github"
      },
      "original": {
        "owner": "edolstra",
        "repo": "flake-compat",
        "type": "github"
      }
    },
    "flake-utils": {
      "locked": {
        "lastModified": 1659877975,
        "narHash": "sha256-zllb8aq3YO3h8B/U0/J1WBgAL8EX5yWf5pMj3G0NAmc=",
        "owner": "numtide",
        "repo": "flake-utils",
        "rev": "c0e246b9b83f637f4681389ecabcb2681b4f3af0",
        "type": "github"
      },
      "original": {
        "owner": "numtide",
        "repo": "flake-utils",
        "type": "github"
      }
    },
    "flake-utils_2": {
      "inputs": {
        "systems": "systems"
      },
      "locked": {
        "lastModified": 1731533236,
        "narHash": "sha256-l0KFg5HjrsfsO/JpG+r7fRrqm12kzFHyUHqHCVpMMbI=",
        "owner": "numtide",
        "repo": "flake-utils",
        "rev": "11707dc2f618dd54ca8739b309ec4fc024de578b",
        "type": "github"
      },
      "original": {
        "id": "flake-utils",
        "type": "indirect"
      }
    },
    "flake-utils_3": {
      "inputs": {
        "systems": "systems_3"
      },
      "locked": {
        "lastModified": 1731533236,
        "narHash": "sha256-l0KFg5HjrsfsO/JpG+r7fRrqm12kzFHyUHqHCVpMMbI=",
        "owner": "numtide",
        "repo": "flake-utils",
        "rev": "11707dc2f618dd54ca8739b309ec4fc024de578b",
        "type": "github"
      },
      "original": {
        "owner": "numtide",
        "repo": "flake-utils",
        "type": "github"
      }
    },
    "flake-utils_4": {
      "inputs": {
        "systems": "systems_5"
      },
      "locked": {
        "lastModified": 1731533236,
        "narHash": "sha256-l0KFg5HjrsfsO/JpG+r7fRrqm12kzFHyUHqHCVpMMbI=",
        "owner": "numtide",
        "repo": "flake-utils",
        "rev": "11707dc2f618dd54ca8739b309ec4fc024de578b",
        "type": "github"
      },
      "original": {
        "owner": "numtide",
        "repo": "flake-utils",
        "type": "github"
      }
    },
    "kubenix": {
      "inputs": {
        "flake-compat": "flake-compat_2",
        "nixpkgs": "nixpkgs_6",
        "systems": "systems_4",
        "treefmt": "treefmt"
      },
      "locked": {
        "lastModified": 1767672498,
        "narHash": "sha256-gqqeFdVR08X6Hr7V5TSk79YqDrFHoCJYV0BtuN/djzg=",
        "owner": "hall",
        "repo": "kubenix",
        "rev": "acf25de47ae1befc76094c8c7369ff3ad6ec3ad1",
        "type": "github"
      },
      "original": {
        "owner": "hall",
        "repo": "kubenix",
        "type": "github"
      }
    },
    "lightspeed-dhl-adapter": {
      "inputs": {
        "crane": "crane_2",
        "filter": "filter_2",
        "nixpkgs": "nixpkgs_7",
        "rust-overlay": "rust-overlay_3",
        "steiger": "steiger"
      },
      "locked": {
        "lastModified": 1766450805,
        "narHash": "sha256-lQTirgY04WXAegjd8hjzFNirKNInySAwrfqQlziFVf4=",
        "owner": "juliamertz",
        "repo": "lightspeed-dhl-adapter",
        "rev": "937de6d84bfc38c14263a9f7aaaa5a3b6b9d847e",
        "type": "github"
      },
      "original": {
        "owner": "juliamertz",
        "repo": "lightspeed-dhl-adapter",
        "type": "github"
      }
    },
    "nix-github-actions": {
      "inputs": {
        "nixpkgs": [
          "colmena",
          "nixpkgs"
        ]
      },
      "locked": {
        "lastModified": 1729742964,
        "narHash": "sha256-B4mzTcQ0FZHdpeWcpDYPERtyjJd/NIuaQ9+BV1h+MpA=",
        "owner": "nix-community",
        "repo": "nix-github-actions",
        "rev": "e04df33f62cdcf93d73e9a04142464753a16db67",
        "type": "github"
      },
      "original": {
        "owner": "nix-community",
        "repo": "nix-github-actions",
        "type": "github"
      }
    },
    "nix-minecraft": {
      "inputs": {
        "flake-compat": "flake-compat_3",
        "flake-utils": "flake-utils_4",
        "nixpkgs": "nixpkgs_9"
      },
      "locked": {
        "lastModified": 1756145244,
        "narHash": "sha256-Fh0D1VPlUKLvFD3cIDlC6hoIK0DHB0tjRKnSgLGRE38=",
        "owner": "juliamertz",
        "repo": "nix-minecraft",
        "rev": "125c13414cef61b9377eda602dc7b777fa099f45",
        "type": "github"
      },
      "original": {
        "owner": "juliamertz",
        "repo": "nix-minecraft",
        "type": "github"
      }
    },
    "nixpins": {
      "inputs": {
        "flake-utils": "flake-utils_2",
        "nixpkgs": "nixpkgs_2",
        "rust-overlay": "rust-overlay"
      },
      "locked": {
        "lastModified": 1769523599,
        "narHash": "sha256-fD+T+sHHxOfQ7k3/xzLuY3c7ZQ1H+YoxgllA6yQfgsE=",
        "owner": "juliamertz",
        "repo": "nixpins",
        "rev": "640419112e6bda74e8012db9ebce2e0e30c917d0",
        "type": "github"
      },
      "original": {
        "owner": "juliamertz",
        "repo": "nixpins",
        "type": "github"
      }
    },
    "nixpkgs": {
      "locked": {
        "lastModified": 1750134718,
        "narHash": "sha256-v263g4GbxXv87hMXMCpjkIxd/viIF7p3JpJrwgKdNiI=",
        "owner": "NixOS",
        "repo": "nixpkgs",
        "rev": "9e83b64f727c88a7711a2c463a7b16eedb69a84c",
        "type": "github"
      },
      "original": {
        "owner": "NixOS",
        "ref": "nixos-unstable",
        "repo": "nixpkgs",
        "type": "github"
      }
    },
    "nixpkgs-25_05": {
      "locked": {
        "lastModified": 1767313136,
        "narHash": "sha256-16KkgfdYqjaeRGBaYsNrhPRRENs0qzkQVUooNHtoy2w=",
        "owner": "nixos",
        "repo": "nixpkgs",
        "rev": "ac62194c3917d5f474c1a844b6fd6da2db95077d",
        "type": "github"
      },
      "original": {
        "owner": "nixos",
        "ref": "nixos-25.05",
        "repo": "nixpkgs",
        "type": "github"
      }
    },
    "nixpkgs-ocitools": {
      "locked": {
        "lastModified": 1749738911,
        "narHash": "sha256-XKXtCm32NTGJ4AZRcX9hz8tjcF5bwGiK/9Z3C3OEANs=",
        "owner": "msanft",
        "repo": "nixpkgs",
        "rev": "3a858b3070e928d6eb79e0fcf21d0c16337edbb5",
        "type": "github"
      },
      "original": {
        "owner": "msanft",
        "ref": "msanft/oci/refactor",
        "repo": "nixpkgs",
        "type": "github"
      }
    },
    "nixpkgs-ocitools_2": {
      "locked": {
        "lastModified": 1749738911,
        "narHash": "sha256-XKXtCm32NTGJ4AZRcX9hz8tjcF5bwGiK/9Z3C3OEANs=",
        "owner": "msanft",
        "repo": "nixpkgs",
        "rev": "3a858b3070e928d6eb79e0fcf21d0c16337edbb5",
        "type": "github"
      },
      "original": {
        "owner": "msanft",
        "ref": "msanft/oci/refactor",
        "repo": "nixpkgs",
        "type": "github"
      }
    },
    "nixpkgs_10": {
      "locked": {
        "lastModified": 1770197578,
        "narHash": "sha256-AYqlWrX09+HvGs8zM6ebZ1pwUqjkfpnv8mewYwAo+iM=",
        "owner": "nixos",
        "repo": "nixpkgs",
        "rev": "00c21e4c93d963c50d4c0c89bfa84ed6e0694df2",
        "type": "github"
      },
      "original": {
        "owner": "nixos",
        "ref": "nixos-unstable",
        "repo": "nixpkgs",
        "type": "github"
      }
    },
    "nixpkgs_11": {
      "locked": {
        "lastModified": 1769740369,
        "narHash": "sha256-xKPyJoMoXfXpDM5DFDZDsi9PHArf2k5BJjvReYXoFpM=",
        "owner": "NixOS",
        "repo": "nixpkgs",
        "rev": "6308c3b21396534d8aaeac46179c14c439a89b8a",
        "type": "github"
      },
      "original": {
        "owner": "NixOS",
        "ref": "nixpkgs-unstable",
        "repo": "nixpkgs",
        "type": "github"
      }
    },
    "nixpkgs_12": {
      "locked": {
        "lastModified": 1755577059,
        "narHash": "sha256-5hYhxIpco8xR+IpP3uU56+4+Bw7mf7EMyxS/HqUYHQY=",
        "owner": "NixOS",
        "repo": "nixpkgs",
        "rev": "97eb7ee0da337d385ab015a23e15022c865be75c",
        "type": "github"
      },
      "original": {
        "owner": "NixOS",
        "ref": "nixpkgs-unstable",
        "repo": "nixpkgs",
        "type": "github"
      }
    },
    "nixpkgs_2": {
      "locked": {
        "lastModified": 1769330179,
        "narHash": "sha256-yxgb4AmkVHY5OOBrC79Vv6EVd4QZEotqv+6jcvA212M=",
        "owner": "nixos",
        "repo": "nixpkgs",
        "rev": "48698d12cc10555a4f3e3222d9c669b884a49dfe",
        "type": "github"
      },
      "original": {
        "owner": "nixos",
        "ref": "nixpkgs-unstable",
        "repo": "nixpkgs",
        "type": "github"
      }
    },
    "nixpkgs_3": {
      "locked": {
        "lastModified": 1770019141,
        "narHash": "sha256-VKS4ZLNx4PNrABoB0L8KUpc1fE7CLpQXQs985tGfaCU=",
        "owner": "nixos",
        "repo": "nixpkgs",
        "rev": "cb369ef2efd432b3cdf8622b0ffc0a97a02f3137",
        "type": "github"
      },
      "original": {
        "owner": "nixos",
        "ref": "nixos-unstable",
        "repo": "nixpkgs",
        "type": "github"
      }
    },
    "nixpkgs_4": {
      "locked": {
        "lastModified": 1769461804,
        "narHash": "sha256-msG8SU5WsBUfVVa/9RPLaymvi5bI8edTavbIq3vRlhI=",
        "owner": "NixOS",
        "repo": "nixpkgs",
        "rev": "bfc1b8a4574108ceef22f02bafcf6611380c100d",
        "type": "github"
      },
      "original": {
        "owner": "NixOS",
        "ref": "nixos-unstable",
        "repo": "nixpkgs",
        "type": "github"
      }
    },
    "nixpkgs_5": {
      "locked": {
        "lastModified": 1760164275,
        "narHash": "sha256-gKl2Gtro/LNf8P+4L3S2RsZ0G390ccd5MyXYrTdMCFE=",
        "owner": "NixOS",
        "repo": "nixpkgs",
        "rev": "362791944032cb532aabbeed7887a441496d5e6e",
        "type": "github"
      },
      "original": {
        "owner": "NixOS",
        "ref": "nixpkgs-unstable",
        "repo": "nixpkgs",
        "type": "github"
      }
    },
    "nixpkgs_6": {
      "locked": {
        "lastModified": 1767364772,
        "narHash": "sha256-fFUnEYMla8b7UKjijLnMe+oVFOz6HjijGGNS1l7dYaQ=",
        "owner": "NixOS",
        "repo": "nixpkgs",
        "rev": "16c7794d0a28b5a37904d55bcca36003b9109aaa",
        "type": "github"
      },
      "original": {
        "owner": "NixOS",
        "ref": "nixpkgs-unstable",
        "repo": "nixpkgs",
        "type": "github"
      }
    },
    "nixpkgs_7": {
      "locked": {
        "lastModified": 1758446476,
        "narHash": "sha256-5rdAi7CTvM/kSs6fHe1bREIva5W3TbImsto+dxG4mBo=",
        "owner": "nixos",
        "repo": "nixpkgs",
        "rev": "a1f79a1770d05af18111fbbe2a3ab2c42c0f6cd0",
        "type": "github"
      },
      "original": {
        "owner": "nixos",
        "ref": "nixpkgs-unstable",
        "repo": "nixpkgs",
        "type": "github"
      }
    },
    "nixpkgs_8": {
      "locked": {
        "lastModified": 1755577059,
        "narHash": "sha256-5hYhxIpco8xR+IpP3uU56+4+Bw7mf7EMyxS/HqUYHQY=",
        "owner": "NixOS",
        "repo": "nixpkgs",
        "rev": "97eb7ee0da337d385ab015a23e15022c865be75c",
        "type": "github"
      },
      "original": {
        "owner": "NixOS",
        "ref": "nixpkgs-unstable",
        "repo": "nixpkgs",
        "type": "github"
      }
    },
    "nixpkgs_9": {
      "locked": {
        "lastModified": 1748929857,
        "narHash": "sha256-lcZQ8RhsmhsK8u7LIFsJhsLh/pzR9yZ8yqpTzyGdj+Q=",
        "owner": "nixos",
        "repo": "nixpkgs",
        "rev": "c2a03962b8e24e669fb37b7df10e7c79531ff1a4",
        "type": "github"
      },
      "original": {
        "owner": "nixos",
        "ref": "nixos-unstable",
        "repo": "nixpkgs",
        "type": "github"
      }
    },
    "root": {
      "inputs": {
        "colmena": "colmena",
        "crane": "crane",
        "dotfiles": "dotfiles",
        "filter": "filter",
        "kubenix": "kubenix",
        "lightspeed-dhl-adapter": "lightspeed-dhl-adapter",
        "nix-minecraft": "nix-minecraft",
        "nixpkgs": "nixpkgs_10",
        "rust-overlay": "rust-overlay_5",
        "sops": "sops",
        "steiger": "steiger_2",
        "systems": "systems_6"
      }
    },
    "rust-overlay": {
      "inputs": {
        "nixpkgs": [
          "dotfiles",
          "nixpins",
          "nixpkgs"
        ]
      },
      "locked": {
        "lastModified": 1769309768,
        "narHash": "sha256-AbOIlNO+JoqRJkK1VrnDXhxuX6CrdtIu2hSuy4pxi3g=",
        "owner": "oxalica",
        "repo": "rust-overlay",
        "rev": "140c9dc582cb73ada2d63a2180524fcaa744fad5",
        "type": "github"
      },
      "original": {
        "owner": "oxalica",
        "repo": "rust-overlay",
        "type": "github"
      }
    },
    "rust-overlay_2": {
      "inputs": {
        "nixpkgs": [
          "dotfiles",
          "spotify-player",
          "nixpkgs"
        ]
      },
      "locked": {
        "lastModified": 1760236527,
        "narHash": "sha256-h9+WEQtUIZaZMvA1pnbZbMM+5X39OFnW92Q8hNoToD0=",
        "owner": "oxalica",
        "repo": "rust-overlay",
        "rev": "a38dd7f462825c75ce8567816ae38c2e7d826bfa",
        "type": "github"
      },
      "original": {
        "owner": "oxalica",
        "repo": "rust-overlay",
        "type": "github"
      }
    },
    "rust-overlay_3": {
      "inputs": {
        "nixpkgs": [
          "lightspeed-dhl-adapter",
          "nixpkgs"
        ]
      },
      "locked": {
        "lastModified": 1758249250,
        "narHash": "sha256-bg228atm49IZ8koNOlT3bsrFKE9sFjq6vn6Tx8eVgpc=",
        "owner": "oxalica",
        "repo": "rust-overlay",
        "rev": "e26a009e7edab102bd569dc041459deb6c0009f4",
        "type": "github"
      },
      "original": {
        "owner": "oxalica",
        "repo": "rust-overlay",
        "type": "github"
      }
    },
    "rust-overlay_4": {
      "inputs": {
        "nixpkgs": [
          "lightspeed-dhl-adapter",
          "steiger",
          "nixpkgs"
        ]
      },
      "locked": {
        "lastModified": 1755657401,
        "narHash": "sha256-rPHuWPAcwW63wH1SUtDCqAnf2+60pi/pGMCIhVobzXc=",
        "owner": "oxalica",
        "repo": "rust-overlay",
        "rev": "292ca754b0f679b842fbfc4734f017c351f0e9eb",
        "type": "github"
      },
      "original": {
        "owner": "oxalica",
        "repo": "rust-overlay",
        "type": "github"
      }
    },
    "rust-overlay_5": {
      "inputs": {
        "nixpkgs": [
          "nixpkgs"
        ]
      },
      "locked": {
        "lastModified": 1770260791,
        "narHash": "sha256-ADTBfENFjRVDQMcCycyX/pAy6NFI/Ct6Mrar3gsmXI0=",
        "owner": "oxalica",
        "repo": "rust-overlay",
        "rev": "42ec85352e419e601775c57256a52f6d48a39906",
        "type": "github"
      },
      "original": {
        "owner": "oxalica",
        "repo": "rust-overlay",
        "type": "github"
      }
    },
    "rust-overlay_6": {
      "inputs": {
        "nixpkgs": [
          "steiger",
          "nixpkgs"
        ]
      },
      "locked": {
        "lastModified": 1755657401,
        "narHash": "sha256-rPHuWPAcwW63wH1SUtDCqAnf2+60pi/pGMCIhVobzXc=",
        "owner": "oxalica",
        "repo": "rust-overlay",
        "rev": "292ca754b0f679b842fbfc4734f017c351f0e9eb",
        "type": "github"
      },
      "original": {
        "owner": "oxalica",
        "repo": "rust-overlay",
        "type": "github"
      }
    },
    "sops": {
      "inputs": {
        "nixpkgs": "nixpkgs_11"
      },
      "locked": {
        "lastModified": 1770145881,
        "narHash": "sha256-ktjWTq+D5MTXQcL9N6cDZXUf9kX8JBLLBLT0ZyOTSYY=",
        "owner": "Mic92",
        "repo": "sops-nix",
        "rev": "17eea6f3816ba6568b8c81db8a4e6ca438b30b7c",
        "type": "github"
      },
      "original": {
        "owner": "Mic92",
        "repo": "sops-nix",
        "type": "github"
      }
    },
    "spicetify": {
      "inputs": {
        "nixpkgs": "nixpkgs_4",
        "systems": "systems_2"
      },
      "locked": {
        "lastModified": 1769986820,
        "narHash": "sha256-O9OQ44dk9TJdtRIG828DUI54XdkfZET7AlN1RgTsPis=",
        "owner": "Gerg-L",
        "repo": "spicetify-nix",
        "rev": "68de6434cfaa8983f3775b858b8b76e7c5dbd29c",
        "type": "github"
      },
      "original": {
        "owner": "Gerg-L",
        "repo": "spicetify-nix",
        "type": "github"
      }
    },
    "spotify-player": {
      "inputs": {
        "flake-utils": "flake-utils_3",
        "nixpkgs": "nixpkgs_5",
        "rust-overlay": "rust-overlay_2"
      },
      "locked": {
        "dir": "nix",
        "lastModified": 1760315637,
        "narHash": "sha256-8ePA6hwwpn3Fe/7d/3A4Y82IZzlXwlL3QhDc1aJzViI=",
        "owner": "juliamertz",
        "repo": "spotify-player",
        "rev": "c7457042f9991abe30db77ce0c932ed1e38f3d3b",
        "type": "github"
      },
      "original": {
        "dir": "nix",
        "owner": "juliamertz",
        "ref": "dev",
        "repo": "spotify-player",
        "type": "github"
      }
    },
    "stable": {
      "locked": {
        "lastModified": 1750133334,
        "narHash": "sha256-urV51uWH7fVnhIvsZIELIYalMYsyr2FCalvlRTzqWRw=",
        "owner": "NixOS",
        "repo": "nixpkgs",
        "rev": "36ab78dab7da2e4e27911007033713bab534187b",
        "type": "github"
      },
      "original": {
        "owner": "NixOS",
        "ref": "nixos-25.05",
        "repo": "nixpkgs",
        "type": "github"
      }
    },
    "steiger": {
      "inputs": {
        "crane": "crane_3",
        "nixpkgs": "nixpkgs_8",
        "nixpkgs-ocitools": "nixpkgs-ocitools",
        "rust-overlay": "rust-overlay_4"
      },
      "locked": {
        "lastModified": 1759003366,
        "narHash": "sha256-X2naYaNqYvixDyX9rlZWJEnfQAq/CitgUq/EuvIen+8=",
        "owner": "brainhivenl",
        "repo": "steiger",
        "rev": "db4c89ce06bbdec7a36e33a687a16060fd21223f",
        "type": "github"
      },
      "original": {
        "owner": "brainhivenl",
        "ref": "feat/nix-force-host-platform",
        "repo": "steiger",
        "type": "github"
      }
    },
    "steiger_2": {
      "inputs": {
        "crane": "crane_4",
        "nixpkgs": "nixpkgs_12",
        "nixpkgs-ocitools": "nixpkgs-ocitools_2",
        "rust-overlay": "rust-overlay_6"
      },
      "locked": {
        "lastModified": 1759216489,
        "narHash": "sha256-RxuK2mI2zKMkgxSglkI0UDR5bjNOlaQWbOC7fzXAhkk=",
        "owner": "brainhivenl",
        "repo": "steiger",
        "rev": "e0df4934506c55ecf5bb9af75c182c4a6a38982f",
        "type": "github"
      },
      "original": {
        "owner": "brainhivenl",
        "repo": "steiger",
        "type": "github"
      }
    },
    "systems": {
      "locked": {
        "lastModified": 1681028828,
        "narHash": "sha256-Vy1rq5AaRuLzOxct8nz4T6wlgyUR7zLU309k9mBC768=",
        "owner": "nix-systems",
        "repo": "default",
        "rev": "da67096a3b9bf56a91d16901293e51ba5b49a27e",
        "type": "github"
      },
      "original": {
        "owner": "nix-systems",
        "repo": "default",
        "type": "github"
      }
    },
    "systems_2": {
      "locked": {
        "lastModified": 1681028828,
        "narHash": "sha256-Vy1rq5AaRuLzOxct8nz4T6wlgyUR7zLU309k9mBC768=",
        "owner": "nix-systems",
        "repo": "default",
        "rev": "da67096a3b9bf56a91d16901293e51ba5b49a27e",
        "type": "github"
      },
      "original": {
        "owner": "nix-systems",
        "repo": "default",
        "type": "github"
      }
    },
    "systems_3": {
      "locked": {
        "lastModified": 1681028828,
        "narHash": "sha256-Vy1rq5AaRuLzOxct8nz4T6wlgyUR7zLU309k9mBC768=",
        "owner": "nix-systems",
        "repo": "default",
        "rev": "da67096a3b9bf56a91d16901293e51ba5b49a27e",
        "type": "github"
      },
      "original": {
        "owner": "nix-systems",
        "repo": "default",
        "type": "github"
      }
    },
    "systems_4": {
      "locked": {
        "lastModified": 1681028828,
        "narHash": "sha256-Vy1rq5AaRuLzOxct8nz4T6wlgyUR7zLU309k9mBC768=",
        "owner": "nix-systems",
        "repo": "default",
        "rev": "da67096a3b9bf56a91d16901293e51ba5b49a27e",
        "type": "github"
      },
      "original": {
        "id": "systems",
        "type": "indirect"
      }
    },
    "systems_5": {
      "locked": {
        "lastModified": 1681028828,
        "narHash": "sha256-Vy1rq5AaRuLzOxct8nz4T6wlgyUR7zLU309k9mBC768=",
        "owner": "nix-systems",
        "repo": "default",
        "rev": "da67096a3b9bf56a91d16901293e51ba5b49a27e",
        "type": "github"
      },
      "original": {
        "owner": "nix-systems",
        "repo": "default",
        "type": "github"
      }
    },
    "systems_6": {
      "locked": {
        "lastModified": 1681028828,
        "narHash": "sha256-Vy1rq5AaRuLzOxct8nz4T6wlgyUR7zLU309k9mBC768=",
        "owner": "nix-systems",
        "repo": "default",
        "rev": "da67096a3b9bf56a91d16901293e51ba5b49a27e",
        "type": "github"
      },
      "original": {
        "owner": "nix-systems",
        "repo": "default",
        "type": "github"
      }
    },
    "treefmt": {
      "inputs": {
        "nixpkgs": [
          "kubenix",
          "nixpkgs"
        ]
      },
      "locked": {
        "lastModified": 1750931469,
        "narHash": "sha256-0IEdQB1nS+uViQw4k3VGUXntjkDp7aAlqcxdewb/hAc=",
        "owner": "numtide",
        "repo": "treefmt-nix",
        "rev": "ac8e6f32e11e9c7f153823abc3ab007f2a65d3e1",
        "type": "github"
      },
      "original": {
        "owner": "numtide",
        "repo": "treefmt-nix",
        "type": "github"
      }
    }
  },
  "root": "root",
  "version": 7
}
